lockfileVersion: '9.0'

settings:
  autoInstallPeers: true
  excludeLinksFromLockfile: false

overrides:
  '@mastra/core': link:../../packages/core
  '@mastra/loggers': link:../../packages/loggers
  '@mastra/voice-openai': link:../../voice/openai
  '@mastra/memory': link:../../packages/memory
  '@mastra/client-js': link:../../client-sdks/client-js
  '@mastra/mcp': link:../../packages/mcp
  '@mastra/libsql': link:../../stores/libsql
  '@mastra/evals': link:../../packages/evals
  mastra: link:../../packages/cli

importers:

  .:
    dependencies:
      '@ai-sdk/openai-v5':
        specifier: npm:@ai-sdk/openai@2.0.38
        version: '@ai-sdk/openai@2.0.38(zod@3.25.76)'
      '@mastra/core':
        specifier: link:../../packages/core
        version: link:../../packages/core
      '@mastra/libsql':
        specifier: link:../../stores/libsql
        version: link:../../stores/libsql
      '@mastra/loggers':
        specifier: link:../../packages/loggers
        version: link:../../packages/loggers
      '@mastra/mcp':
        specifier: link:../../packages/mcp
        version: link:../../packages/mcp
      '@mastra/memory':
        specifier: link:../../packages/memory
        version: link:../../packages/memory
      zod:
        specifier: ^3.25.76
        version: 3.25.76
    devDependencies:
      '@types/node':
        specifier: ^24.7.2
        version: 24.7.2
      mastra:
        specifier: link:../../packages/cli
        version: link:../../packages/cli
      typescript:
        specifier: ^5.9.3
        version: 5.9.3

packages:

  '@ai-sdk/openai@2.0.38':
    resolution: {integrity: sha512-aPK5jSz5/UkbYnh59/Yy5ic3JsOrz7Gt6TJdB8ggYDYEUHJ9FHEKoRKz8DEHh3Zaf3yngxZLkdP4JSbroK3jsQ==}
    engines: {node: '>=18'}
    peerDependencies:
      zod: ^3.25.76 || ^4.1.8

  '@ai-sdk/provider-utils@3.0.10':
    resolution: {integrity: sha512-T1gZ76gEIwffep6MWI0QNy9jgoybUHE7TRaHB5k54K8mF91ciGFlbtCGxDYhMH3nCRergKwYFIDeFF0hJSIQHQ==}
    engines: {node: '>=18'}
    peerDependencies:
      zod: ^3.25.76 || ^4.1.8

  '@ai-sdk/provider@2.0.0':
    resolution: {integrity: sha512-6o7Y2SeO9vFKB8lArHXehNuusnpddKPk7xqL7T2/b+OvXMRIXUO1rR4wcv1hAFUAT9avGZshty3Wlua/XA7TvA==}
    engines: {node: '>=18'}

  '@standard-schema/spec@1.0.0':
    resolution: {integrity: sha512-m2bOd0f2RT9k8QJx1JN85cZYyH1RqFBdlwtkSlf4tBDYLCiiZnv1fIIwacK6cqwXavOydf0NPToMQgpKq+dVlA==}

  '@types/node@24.7.2':
    resolution: {integrity: sha512-/NbVmcGTP+lj5oa4yiYxxeBjRivKQ5Ns1eSZeB99ExsEQ6rX5XYU1Zy/gGxY/ilqtD4Etx9mKyrPxZRetiahhA==}

  eventsource-parser@3.0.6:
    resolution: {integrity: sha512-Vo1ab+QXPzZ4tCa8SwIHJFaSzy4R6SHf7BY79rFBDf0idraZWAkYrDjDj8uWaSm3S2TK+hJ7/t1CEmZ7jXw+pg==}
    engines: {node: '>=18.0.0'}

  json-schema@0.4.0:
    resolution: {integrity: sha512-es94M3nTIfsEPisRafak+HDLfHXnKBhV3vU5eqPcS3flIWqcxJWgXHXiey3YrpaNsanY5ei1VoYEbOzijuq9BA==}

  typescript@5.9.3:
    resolution: {integrity: sha512-jl1vZzPDinLr9eUt3J/t7V6FgNEw9QjvBPdysz9KfQDD41fQrC2Y4vKQdiaUpFT4bXlb1RHhLpp8wtm6M5TgSw==}
    engines: {node: '>=14.17'}
    hasBin: true

  undici-types@7.14.0:
    resolution: {integrity: sha512-QQiYxHuyZ9gQUIrmPo3IA+hUl4KYk8uSA7cHrcKd/l3p1OTpZcM0Tbp9x7FAtXdAYhlasd60ncPpgu6ihG6TOA==}

  zod@3.25.76:
    resolution: {integrity: sha512-gzUt/qt81nXsFGKIFcC3YnfEAx5NkunCfnDlvuBSSFS02bcXu4Lmea0AFIUwbLWxWPx3d9p8S5QoaujKcNQxcQ==}

snapshots:

  '@ai-sdk/openai@2.0.38(zod@3.25.76)':
    dependencies:
      '@ai-sdk/provider': 2.0.0
      '@ai-sdk/provider-utils': 3.0.10(zod@3.25.76)
      zod: 3.25.76

  '@ai-sdk/provider-utils@3.0.10(zod@3.25.76)':
    dependencies:
      '@ai-sdk/provider': 2.0.0
      '@standard-schema/spec': 1.0.0
      eventsource-parser: 3.0.6
      zod: 3.25.76

  '@ai-sdk/provider@2.0.0':
    dependencies:
      json-schema: 0.4.0

  '@standard-schema/spec@1.0.0': {}

  '@types/node@24.7.2':
    dependencies:
      undici-types: 7.14.0

  eventsource-parser@3.0.6: {}

  json-schema@0.4.0: {}

  typescript@5.9.3: {}

  undici-types@7.14.0: {}

  zod@3.25.76: {}
